
Microsoft Visual Studio Solution File, Format Version 12.00
# Visual Studio Version 16
VisualStudioVersion = 16.0.31019.35
MinimumVisualStudioVersion = 10.0.40219.1
Project("{FAE04EC0-301F-11D3-BF4B-00C04F79EFBC}") = "Volumetric Geoenvironment", "Volumetric Geoenvironment\Volumetric Geoenvironment.csproj", "{B2E6F216-16F5-4271-A412-49FE3A52D792}"
EndProject
Global
	GlobalSection(SolutionConfigurationPlatforms) = preSolution
		Debug|Any CPU = Debug|Any CPU
		Release|Any CPU = Release|Any CPU
	EndGlobalSection
	GlobalSection(ProjectConfigurationPlatforms) = postSolution
		{B2E6F216-16F5-4271-A412-49FE3A52D792}.Debug|Any CPU.ActiveCfg = Debug|Any CPU
		{B2E6F216-16F5-4271-A412-49FE3A52D792}.Debug|Any CPU.Build.0 = Debug|Any CPU
		{B2E6F216-16F5-4271-A412-49FE3A52D792}.Release|Any CPU.ActiveCfg = Release|Any CPU
		{B2E6F216-16F5-4271-A412-49FE3A52D792}.Release|Any CPU.Build.0 = Release|Any CPU
	EndGlobalSection
	GlobalSection(SolutionProperties) = preSolution
		HideSolutionNode = FALSE
	EndGlobalSection
	GlobalSection(ExtensibilityGlobals) = postSolution
		SolutionGuid = {DA9007BD-B7F8-45F8-9CA9-3940C7D37FCA}
	EndGlobalSection
EndGlobal
